
Microsoft Visual Studio Solution File, Format Version 12.00
# Visual Studio Version 17
VisualStudioVersion = 17.0.31903.59
MinimumVisualStudioVersion = 10.0.40219.1
Project("{2150E333-8FDC-42A3-9474-1A3956D46DE8}") = "src", "src", "{827E0CD3-B72D-47B6-A68D-7590B98EB39B}"
EndProject
Project("{FAE04EC0-301F-11D3-BF4B-00C04F79EFBC}") = "Italbytz.Graph.Abstractions", "src\Italbytz.Graph.Abstractions\Italbytz.Graph.Abstractions.csproj", "{B4378514-71EE-47E5-8AA9-28882A1FEAAA}"
EndProject
Project("{FAE04EC0-301F-11D3-BF4B-00C04F79EFBC}") = "Italbytz.Graph", "src\Italbytz.Graph\Italbytz.Graph.csproj", "{68D1FE3D-C569-4E82-8A8E-79E0209C2B3F}"
EndProject
Project("{FAE04EC0-301F-11D3-BF4B-00C04F79EFBC}") = "Italbytz.Graph.Maui", "src\Italbytz.Graph.Maui\Italbytz.Graph.Maui.csproj", "{262FA4FD-6D3E-4583-A6B7-04A802C451ED}"
EndProject
Global
	GlobalSection(SolutionConfigurationPlatforms) = preSolution
		Debug|Any CPU = Debug|Any CPU
		Debug|x64 = Debug|x64
		Debug|x86 = Debug|x86
		Release|Any CPU = Release|Any CPU
		Release|x64 = Release|x64
		Release|x86 = Release|x86
	EndGlobalSection
	GlobalSection(ProjectConfigurationPlatforms) = postSolution
		{B4378514-71EE-47E5-8AA9-28882A1FEAAA}.Debug|Any CPU.ActiveCfg = Debug|Any CPU
		{B4378514-71EE-47E5-8AA9-28882A1FEAAA}.Debug|Any CPU.Build.0 = Debug|Any CPU
		{B4378514-71EE-47E5-8AA9-28882A1FEAAA}.Debug|x64.ActiveCfg = Debug|Any CPU
		{B4378514-71EE-47E5-8AA9-28882A1FEAAA}.Debug|x64.Build.0 = Debug|Any CPU
		{B4378514-71EE-47E5-8AA9-28882A1FEAAA}.Debug|x86.ActiveCfg = Debug|Any CPU
		{B4378514-71EE-47E5-8AA9-28882A1FEAAA}.Debug|x86.Build.0 = Debug|Any CPU
		{B4378514-71EE-47E5-8AA9-28882A1FEAAA}.Release|Any CPU.ActiveCfg = Release|Any CPU
		{B4378514-71EE-47E5-8AA9-28882A1FEAAA}.Release|Any CPU.Build.0 = Release|Any CPU
		{B4378514-71EE-47E5-8AA9-28882A1FEAAA}.Release|x64.ActiveCfg = Release|Any CPU
		{B4378514-71EE-47E5-8AA9-28882A1FEAAA}.Release|x64.Build.0 = Release|Any CPU
		{B4378514-71EE-47E5-8AA9-28882A1FEAAA}.Release|x86.ActiveCfg = Release|Any CPU
		{B4378514-71EE-47E5-8AA9-28882A1FEAAA}.Release|x86.Build.0 = Release|Any CPU
		{68D1FE3D-C569-4E82-8A8E-79E0209C2B3F}.Debug|Any CPU.ActiveCfg = Debug|Any CPU
		{68D1FE3D-C569-4E82-8A8E-79E0209C2B3F}.Debug|Any CPU.Build.0 = Debug|Any CPU
		{68D1FE3D-C569-4E82-8A8E-79E0209C2B3F}.Debug|x64.ActiveCfg = Debug|Any CPU
		{68D1FE3D-C569-4E82-8A8E-79E0209C2B3F}.Debug|x64.Build.0 = Debug|Any CPU
		{68D1FE3D-C569-4E82-8A8E-79E0209C2B3F}.Debug|x86.ActiveCfg = Debug|Any CPU
		{68D1FE3D-C569-4E82-8A8E-79E0209C2B3F}.Debug|x86.Build.0 = Debug|Any CPU
		{68D1FE3D-C569-4E82-8A8E-79E0209C2B3F}.Release|Any CPU.ActiveCfg = Release|Any CPU
		{68D1FE3D-C569-4E82-8A8E-79E0209C2B3F}.Release|Any CPU.Build.0 = Release|Any CPU
		{68D1FE3D-C569-4E82-8A8E-79E0209C2B3F}.Release|x64.ActiveCfg = Release|Any CPU
		{68D1FE3D-C569-4E82-8A8E-79E0209C2B3F}.Release|x64.Build.0 = Release|Any CPU
		{68D1FE3D-C569-4E82-8A8E-79E0209C2B3F}.Release|x86.ActiveCfg = Release|Any CPU
		{68D1FE3D-C569-4E82-8A8E-79E0209C2B3F}.Release|x86.Build.0 = Release|Any CPU
		{262FA4FD-6D3E-4583-A6B7-04A802C451ED}.Debug|Any CPU.ActiveCfg = Debug|Any CPU
		{262FA4FD-6D3E-4583-A6B7-04A802C451ED}.Debug|Any CPU.Build.0 = Debug|Any CPU
		{262FA4FD-6D3E-4583-A6B7-04A802C451ED}.Debug|x64.ActiveCfg = Debug|Any CPU
		{262FA4FD-6D3E-4583-A6B7-04A802C451ED}.Debug|x64.Build.0 = Debug|Any CPU
		{262FA4FD-6D3E-4583-A6B7-04A802C451ED}.Debug|x86.ActiveCfg = Debug|Any CPU
		{262FA4FD-6D3E-4583-A6B7-04A802C451ED}.Debug|x86.Build.0 = Debug|Any CPU
		{262FA4FD-6D3E-4583-A6B7-04A802C451ED}.Release|Any CPU.ActiveCfg = Release|Any CPU
		{262FA4FD-6D3E-4583-A6B7-04A802C451ED}.Release|Any CPU.Build.0 = Release|Any CPU
		{262FA4FD-6D3E-4583-A6B7-04A802C451ED}.Release|x64.ActiveCfg = Release|Any CPU
		{262FA4FD-6D3E-4583-A6B7-04A802C451ED}.Release|x64.Build.0 = Release|Any CPU
		{262FA4FD-6D3E-4583-A6B7-04A802C451ED}.Release|x86.ActiveCfg = Release|Any CPU
		{262FA4FD-6D3E-4583-A6B7-04A802C451ED}.Release|x86.Build.0 = Release|Any CPU
	EndGlobalSection
	GlobalSection(SolutionProperties) = preSolution
		HideSolutionNode = FALSE
	EndGlobalSection
	GlobalSection(NestedProjects) = preSolution
		{B4378514-71EE-47E5-8AA9-28882A1FEAAA} = {827E0CD3-B72D-47B6-A68D-7590B98EB39B}
		{68D1FE3D-C569-4E82-8A8E-79E0209C2B3F} = {827E0CD3-B72D-47B6-A68D-7590B98EB39B}
		{262FA4FD-6D3E-4583-A6B7-04A802C451ED} = {827E0CD3-B72D-47B6-A68D-7590B98EB39B}
	EndGlobalSection
EndGlobal
